
Microsoft Visual Studio Solution File, Format Version 12.00
# Visual Studio 2012
Project("{FAE04EC0-301F-11D3-BF4B-00C04F79EFBC}") = "DelegatesExercise1", "DelegatesExercise1\DelegatesExercise1.csproj", "{03758F3C-B9C8-455D-8AC7-571DAB26447C}"
EndProject
Project("{FAE04EC0-301F-11D3-BF4B-00C04F79EFBC}") = "DelegatesExercise2", "DelegatesExercise2\DelegatesExercise2.csproj", "{85AE54E1-D6E2-4A1A-BB18-C8485D6DB733}"
EndProject
Global
	GlobalSection(SolutionConfigurationPlatforms) = preSolution
		Debug|Any CPU = Debug|Any CPU
		Release|Any CPU = Release|Any CPU
	EndGlobalSection
	GlobalSection(ProjectConfigurationPlatforms) = postSolution
		{03758F3C-B9C8-455D-8AC7-571DAB26447C}.Debug|Any CPU.ActiveCfg = Debug|Any CPU
		{03758F3C-B9C8-455D-8AC7-571DAB26447C}.Debug|Any CPU.Build.0 = Debug|Any CPU
		{03758F3C-B9C8-455D-8AC7-571DAB26447C}.Release|Any CPU.ActiveCfg = Release|Any CPU
		{03758F3C-B9C8-455D-8AC7-571DAB26447C}.Release|Any CPU.Build.0 = Release|Any CPU
		{85AE54E1-D6E2-4A1A-BB18-C8485D6DB733}.Debug|Any CPU.ActiveCfg = Debug|Any CPU
		{85AE54E1-D6E2-4A1A-BB18-C8485D6DB733}.Debug|Any CPU.Build.0 = Debug|Any CPU
		{85AE54E1-D6E2-4A1A-BB18-C8485D6DB733}.Release|Any CPU.ActiveCfg = Release|Any CPU
		{85AE54E1-D6E2-4A1A-BB18-C8485D6DB733}.Release|Any CPU.Build.0 = Release|Any CPU
	EndGlobalSection
	GlobalSection(SolutionProperties) = preSolution
		HideSolutionNode = FALSE
	EndGlobalSection
EndGlobal
