
Microsoft Visual Studio Solution File, Format Version 12.00
# Visual Studio 2012
Project("{FAE04EC0-301F-11D3-BF4B-00C04F79EFBC}") = "MachineMathematicsExercise3", "MachineMathematicsExercise3\MachineMathematicsExercise3.csproj", "{40F108D6-5EB2-4BEA-ADB9-2A67E85F0613}"
EndProject
Project("{FAE04EC0-301F-11D3-BF4B-00C04F79EFBC}") = "MachineMathematicsExercise4", "MachineMathematicsExercise4\MachineMathematicsExercise4.csproj", "{E9C0598B-2D89-49B0-813A-4620EA47B6A3}"
EndProject
Project("{FAE04EC0-301F-11D3-BF4B-00C04F79EFBC}") = "MachineMathematicsExercise1", "MachineMathematicsExercise1\MachineMathematicsExercise1.csproj", "{B0D4B6D6-6F85-4E92-A686-79338732E192}"
EndProject
Project("{FAE04EC0-301F-11D3-BF4B-00C04F79EFBC}") = "ConditionsExercise1", "ConditionsExercise1\ConditionsExercise1.csproj", "{1D835608-2E46-4D21-9A60-818FE35DE4EC}"
EndProject
Project("{FAE04EC0-301F-11D3-BF4B-00C04F79EFBC}") = "ConditionsExercise2", "ConditionsExercise2\ConditionsExercise2.csproj", "{027153AB-30D0-428C-8934-FB0210C9251B}"
EndProject
Project("{FAE04EC0-301F-11D3-BF4B-00C04F79EFBC}") = "LogicExercise1FirstVariant", "LogicExercise1FirstVariant\LogicExercise1FirstVariant.csproj", "{404A91D7-EFD6-4E82-9EF6-131455AE395C}"
EndProject
Project("{FAE04EC0-301F-11D3-BF4B-00C04F79EFBC}") = "LogicExercise2", "LogicExercise2\LogicExercise2.csproj", "{15361478-54C1-4370-B94C-DDBDF8E8F96A}"
EndProject
Project("{FAE04EC0-301F-11D3-BF4B-00C04F79EFBC}") = "LogicExercise3", "LogicExercise3\LogicExercise3.csproj", "{D019DCB2-3210-4268-A948-D9C869479E66}"
EndProject
Project("{FAE04EC0-301F-11D3-BF4B-00C04F79EFBC}") = "LogicExercise1SecondVariant", "LogicExercise1SecondVariant\LogicExercise1SecondVariant.csproj", "{D70A9D5B-2209-4362-BED3-6F5AFD6DF1DC}"
EndProject
Global
	GlobalSection(SolutionConfigurationPlatforms) = preSolution
		Debug|Any CPU = Debug|Any CPU
		Release|Any CPU = Release|Any CPU
	EndGlobalSection
	GlobalSection(ProjectConfigurationPlatforms) = postSolution
		{40F108D6-5EB2-4BEA-ADB9-2A67E85F0613}.Debug|Any CPU.ActiveCfg = Debug|Any CPU
		{40F108D6-5EB2-4BEA-ADB9-2A67E85F0613}.Debug|Any CPU.Build.0 = Debug|Any CPU
		{40F108D6-5EB2-4BEA-ADB9-2A67E85F0613}.Release|Any CPU.ActiveCfg = Release|Any CPU
		{40F108D6-5EB2-4BEA-ADB9-2A67E85F0613}.Release|Any CPU.Build.0 = Release|Any CPU
		{E9C0598B-2D89-49B0-813A-4620EA47B6A3}.Debug|Any CPU.ActiveCfg = Debug|Any CPU
		{E9C0598B-2D89-49B0-813A-4620EA47B6A3}.Debug|Any CPU.Build.0 = Debug|Any CPU
		{E9C0598B-2D89-49B0-813A-4620EA47B6A3}.Release|Any CPU.ActiveCfg = Release|Any CPU
		{E9C0598B-2D89-49B0-813A-4620EA47B6A3}.Release|Any CPU.Build.0 = Release|Any CPU
		{B0D4B6D6-6F85-4E92-A686-79338732E192}.Debug|Any CPU.ActiveCfg = Debug|Any CPU
		{B0D4B6D6-6F85-4E92-A686-79338732E192}.Debug|Any CPU.Build.0 = Debug|Any CPU
		{B0D4B6D6-6F85-4E92-A686-79338732E192}.Release|Any CPU.ActiveCfg = Release|Any CPU
		{B0D4B6D6-6F85-4E92-A686-79338732E192}.Release|Any CPU.Build.0 = Release|Any CPU
		{1D835608-2E46-4D21-9A60-818FE35DE4EC}.Debug|Any CPU.ActiveCfg = Debug|Any CPU
		{1D835608-2E46-4D21-9A60-818FE35DE4EC}.Debug|Any CPU.Build.0 = Debug|Any CPU
		{1D835608-2E46-4D21-9A60-818FE35DE4EC}.Release|Any CPU.ActiveCfg = Release|Any CPU
		{1D835608-2E46-4D21-9A60-818FE35DE4EC}.Release|Any CPU.Build.0 = Release|Any CPU
		{027153AB-30D0-428C-8934-FB0210C9251B}.Debug|Any CPU.ActiveCfg = Debug|Any CPU
		{027153AB-30D0-428C-8934-FB0210C9251B}.Debug|Any CPU.Build.0 = Debug|Any CPU
		{027153AB-30D0-428C-8934-FB0210C9251B}.Release|Any CPU.ActiveCfg = Release|Any CPU
		{027153AB-30D0-428C-8934-FB0210C9251B}.Release|Any CPU.Build.0 = Release|Any CPU
		{404A91D7-EFD6-4E82-9EF6-131455AE395C}.Debug|Any CPU.ActiveCfg = Debug|Any CPU
		{404A91D7-EFD6-4E82-9EF6-131455AE395C}.Debug|Any CPU.Build.0 = Debug|Any CPU
		{404A91D7-EFD6-4E82-9EF6-131455AE395C}.Release|Any CPU.ActiveCfg = Release|Any CPU
		{404A91D7-EFD6-4E82-9EF6-131455AE395C}.Release|Any CPU.Build.0 = Release|Any CPU
		{15361478-54C1-4370-B94C-DDBDF8E8F96A}.Debug|Any CPU.ActiveCfg = Debug|Any CPU
		{15361478-54C1-4370-B94C-DDBDF8E8F96A}.Debug|Any CPU.Build.0 = Debug|Any CPU
		{15361478-54C1-4370-B94C-DDBDF8E8F96A}.Release|Any CPU.ActiveCfg = Release|Any CPU
		{15361478-54C1-4370-B94C-DDBDF8E8F96A}.Release|Any CPU.Build.0 = Release|Any CPU
		{D019DCB2-3210-4268-A948-D9C869479E66}.Debug|Any CPU.ActiveCfg = Debug|Any CPU
		{D019DCB2-3210-4268-A948-D9C869479E66}.Debug|Any CPU.Build.0 = Debug|Any CPU
		{D019DCB2-3210-4268-A948-D9C869479E66}.Release|Any CPU.ActiveCfg = Release|Any CPU
		{D019DCB2-3210-4268-A948-D9C869479E66}.Release|Any CPU.Build.0 = Release|Any CPU
		{D70A9D5B-2209-4362-BED3-6F5AFD6DF1DC}.Debug|Any CPU.ActiveCfg = Debug|Any CPU
		{D70A9D5B-2209-4362-BED3-6F5AFD6DF1DC}.Debug|Any CPU.Build.0 = Debug|Any CPU
		{D70A9D5B-2209-4362-BED3-6F5AFD6DF1DC}.Release|Any CPU.ActiveCfg = Release|Any CPU
		{D70A9D5B-2209-4362-BED3-6F5AFD6DF1DC}.Release|Any CPU.Build.0 = Release|Any CPU
	EndGlobalSection
	GlobalSection(SolutionProperties) = preSolution
		HideSolutionNode = FALSE
	EndGlobalSection
EndGlobal
